Microsoft Visual Studio Solution File, Format Version 12.00
# Visual Studio Version 17
VisualStudioVersion = 17.5.2.0
MinimumVisualStudioVersion = 10.0.40219.1
Project("{2150E333-8FDC-42A3-9474-1A3956D46DE8}") = "docker", "docker", "{5F3F916C-0321-8A9F-8AC0-501F442D9F72}"
EndProject
Project("{FAE04EC0-301F-11D3-BF4B-00C04F79EFBC}") = "StressCraft.CSharpBackend", "docker\csharp-backend\StressCraft.CSharpBackend.csproj", "{EB41F73A-4A83-3F4D-82DC-5C9E0AB4D10F}"
EndProject
Global
	GlobalSection(SolutionConfigurationPlatforms) = preSolution
		Debug|Any CPU = Debug|Any CPU
		Release|Any CPU = Release|Any CPU
	EndGlobalSection
	GlobalSection(ProjectConfigurationPlatforms) = postSolution
		{EB41F73A-4A83-3F4D-82DC-5C9E0AB4D10F}.Debug|Any CPU.ActiveCfg = Debug|Any CPU
		{EB41F73A-4A83-3F4D-82DC-5C9E0AB4D10F}.Debug|Any CPU.Build.0 = Debug|Any CPU
		{EB41F73A-4A83-3F4D-82DC-5C9E0AB4D10F}.Release|Any CPU.ActiveCfg = Release|Any CPU
		{EB41F73A-4A83-3F4D-82DC-5C9E0AB4D10F}.Release|Any CPU.Build.0 = Release|Any CPU
	EndGlobalSection
	GlobalSection(SolutionProperties) = preSolution
		HideSolutionNode = FALSE
	EndGlobalSection
	GlobalSection(NestedProjects) = preSolution
		{EB41F73A-4A83-3F4D-82DC-5C9E0AB4D10F} = {5F3F916C-0321-8A9F-8AC0-501F442D9F72}
	EndGlobalSection
	GlobalSection(ExtensibilityGlobals) = postSolution
		SolutionGuid = {2BEB1D61-EDBA-42EF-9705-01521BA5046D}
	EndGlobalSection
EndGlobal
